{
  "name": "@sinqia/text-mask-core",
  "version": "5.1.7",
  "lockfileVersion": 1,
  "requires": true,
  "dependencies": {
    "@types/babel-core": {
      "version": "6.25.6",
      "resolved": "https://registry.npmjs.org/@types/babel-core/-/babel-core-6.25.6.tgz",
      "integrity": "sha512-OzYuLL6Lw0wpE8qXFIuyS0GsagzCr3beo/+AIttM7slM9cUhbgHjU3oWvgVE+uOhcZYS4NesBilF2iZj3gM4LQ==",
      "dev": true,
      "requires": {
        "@types/babel-generator": "*",
        "@types/babel-template": "*",
        "@types/babel-traverse": "*",
        "@types/babel-types": "*",
        "@types/babylon": "*"
      }
    },
    "@types/babel-generator": {
      "version": "6.25.3",
      "resolved": "https://registry.npmjs.org/@types/babel-generator/-/babel-generator-6.25.3.tgz",
      "integrity": "sha512-pGgnuxVddKcYIc+VJkRDop7gxLhqclNKBdlsm/5Vp8d+37pQkkDK7fef8d9YYImRzw9xcojEPc18pUYnbxmjqA==",
      "dev": true,
      "requires": {
        "@types/babel-types": "*"
      }
    },
    "@types/babel-template": {
      "version": "6.25.2",
      "resolved": "https://registry.npmjs.org/@types/babel-template/-/babel-template-6.25.2.tgz",
      "integrity": "sha512-QKtDQRJmAz3Y1HSxfMl0syIHebMc/NnOeH/8qeD0zjgU2juD0uyC922biMxCy5xjTNvHinigML2l8kxE8eEBmw==",
      "dev": true,
      "requires": {
        "@types/babel-types": "*",
        "@types/babylon": "*"
      }
    },
    "@types/babel-traverse": {
      "version": "6.25.5",
      "resolved": "https://registry.npmjs.org/@types/babel-traverse/-/babel-traverse-6.25.5.tgz",
      "integrity": "sha512-WrMbwmu+MWf8FiUMbmVOGkc7bHPzndUafn1CivMaBHthBBoo0VNIcYk1KV71UovYguhsNOwf3UF5oRmkkGOU3w==",
      "dev": true,
      "requires": {
        "@types/babel-types": "*"
      }
    },
    "@types/babel-types": {
      "version": "7.0.5",
      "resolved": "https://registry.npmjs.org/@types/babel-types/-/babel-types-7.0.5.tgz",
      "integrity": "sha512-0t0R7fKAXT/P++S98djRkXbL9Sxd9NNtfNg3BNw2EQOjVIkiMBdmO55N2Tp3wGK3mylmM7Vck9h5tEoSuSUabA==",
      "dev": true
    },
    "@types/babylon": {
      "version": "6.16.5",
      "resolved": "https://registry.npmjs.org/@types/babylon/-/babylon-6.16.5.tgz",
      "integrity": "sha512-xH2e58elpj1X4ynnKp9qSnWlsRTIs6n3tgLGNfwAGHwePw0mulHQllV34n0T25uYSu1k0hRKkWXF890B1yS47w==",
      "dev": true,
      "requires": {
        "@types/babel-types": "*"
      }
    }
  }
}
