{
  "name": "@sinqia/text-mask-addons",
  "version": "3.8.11",
  "lockfileVersion": 1,
  "requires": true,
  "dependencies": {
    "@sinqia/text-mask-core": {
      "version": "5.1.7",
      "resolved": "https://registry.npmjs.org/@sinqia/text-mask-core/-/text-mask-core-5.1.7.tgz",
      "integrity": "sha512-sXtojwn2lkuNLiH3gdYaMsazPbFUz9BGIfubVgym9fY8pEUHGczVcOl4HQAU/xIEcZ6g/kWOEcoGJ1inucjCcg=="
    }
  }
}
