{
  "name": "@snsl/text-mask-addons",
  "version": "3.7.3",
  "lockfileVersion": 1,
  "requires": true,
  "dependencies": {
    "@snsl/text-mask-core": {
      "version": "5.0.5",
      "resolved": "https://registry.npmjs.org/@snsl/text-mask-core/-/text-mask-core-5.0.5.tgz",
      "integrity": "sha512-elD6lZCuPLGS88afI5/F6CgX3mfVvGXF3g7K2KVLt6/S7+MfU6GD9KO1UwETvC7qilmYjf5lujZuoWmm7YFCxA=="
    }
  }
}
