# THIS IS AN AUTOGENERATED FILE. DO NOT EDIT THIS FILE DIRECTLY.
# yarn lockfile v1


"@snsl/text-mask-core@^5.1.5":
  version "5.1.5"
  resolved "https://registry.yarnpkg.com/@snsl/text-mask-core/-/text-mask-core-5.1.5.tgz#1b284d1fbbbf35656924e3cddd28e782abcfc09c"
  integrity sha512-3M+Ys5NuTG1cZcfSJQXA1kWFqWIJAxPZs8WqNIjQNAjuVgvmOQ/FBBb46oHT/Q0nCokgX/8GNk/fykZP7dzAMg==
